<?xml version="1.0" encoding="utf-8"?>
<Project ToolsVersion="4.0" xmlns="http://schemas.microsoft.com/developer/msbuild/2003">
  <ItemGroup>
    <Filter Include="Source Files">
      <UniqueIdentifier>{4FC737F1-C7A5-4376-A066-2A32D752A2FF}</UniqueIdentifier>
      <Extensions>cpp;c;cc;cxx;def;odl;idl;hpj;bat;asm;asmx</Extensions>
    </Filter>
    <Filter Include="Header Files">
      <UniqueIdentifier>{93995380-89BD-4b04-88EB-625FBE52EBFB}</UniqueIdentifier>
      <Extensions>h;hh;hpp;hxx;hm;inl;inc;xsd</Extensions>
    </Filter>
    <Filter Include="Resource Files">
      <UniqueIdentifier>{D9D6E242-F8AF-46E4-B9FD-80ECBC20BA3E}</UniqueIdentifier>
      <Extensions>qrc;*</Extensions>
      <ParseFiles>false</ParseFiles>
    </Filter>
    <Filter Include="Form Files">
      <UniqueIdentifier>{99349809-55BA-4b9d-BF79-8FDBB0286EB3}</UniqueIdentifier>
      <Extensions>ui</Extensions>
    </Filter>
    <Filter Include="Resource Files">
      <UniqueIdentifier>{D9D6E242-F8AF-46E4-B9FD-80ECBC20BA3E}</UniqueIdentifier>
      <Extensions>qrc;*</Extensions>
      <ParseFiles>false</ParseFiles>
    </Filter>
    <Filter Include="Generated Files">
      <UniqueIdentifier>{71ED8ED8-ACB9-4CE9-BBE1-E00B30144E11}</UniqueIdentifier>
      <Extensions>moc;h;cpp</Extensions>
      <SourceControlFiles>False</SourceControlFiles>
    </Filter>
    <Filter Include="Header Files\OCR">
      <UniqueIdentifier>{f15b252e-8e95-4a1d-ac33-c0f9208f8bfd}</UniqueIdentifier>
    </Filter>
    <Filter Include="Header Files\OCR\base">
      <UniqueIdentifier>{61eafeed-1712-40b0-ab6e-6920e44eacb7}</UniqueIdentifier>
    </Filter>
  </ItemGroup>
  <ItemGroup>
    <ClCompile Include="main.cpp">
      <Filter>Source Files</Filter>
    </ClCompile>
    <ClCompile Include="OCRdemo.cpp">
      <Filter>Source Files</Filter>
    </ClCompile>
    <ClCompile Include="RequestInterface.cpp">
      <Filter>Source Files</Filter>
    </ClCompile>
  </ItemGroup>
  <ItemGroup>
    <QtMoc Include="OCRdemo.h">
      <Filter>Header Files</Filter>
    </QtMoc>
    <QtMoc Include="RequestInterface.h">
      <Filter>Header Files</Filter>
    </QtMoc>
  </ItemGroup>
  <ItemGroup>
    <QtUic Include="OCRdemo.ui">
      <Filter>Form Files</Filter>
    </QtUic>
  </ItemGroup>
  <ItemGroup>
    <QtRcc Include="OCRdemo.qrc">
      <Filter>Resource Files</Filter>
    </QtRcc>
  </ItemGroup>
  <ItemGroup>
    <ClInclude Include="..\..\aip-cpp-sdk-0.7.10\ocr.h">
      <Filter>Header Files\OCR</Filter>
    </ClInclude>
    <ClInclude Include="..\..\aip-cpp-sdk-0.7.10\base\base.h">
      <Filter>Header Files\OCR\base</Filter>
    </ClInclude>
    <ClInclude Include="..\..\aip-cpp-sdk-0.7.10\base\base64.h">
      <Filter>Header Files\OCR\base</Filter>
    </ClInclude>
    <ClInclude Include="..\..\aip-cpp-sdk-0.7.10\base\http.h">
      <Filter>Header Files\OCR\base</Filter>
    </ClInclude>
    <ClInclude Include="..\..\aip-cpp-sdk-0.7.10\base\utils.h">
      <Filter>Header Files\OCR\base</Filter>
    </ClInclude>
    <ClInclude Include="common.h">
      <Filter>Header Files</Filter>
    </ClInclude>
    <ClInclude Include="resource.h">
      <Filter>Header Files</Filter>
    </ClInclude>
  </ItemGroup>
  <ItemGroup>
    <None Include="..\..\aip-cpp-sdk-0.7.10\README.md">
      <Filter>Header Files\OCR</Filter>
    </None>
  </ItemGroup>
  <ItemGroup>
    <ResourceCompile Include="OCRdemo.rc" />
  </ItemGroup>
  <ItemGroup>
    <Image Include="icon.ico" />
  </ItemGroup>
</Project>